{
  "name": "miniprogram-huabao",
  "version": "1.0.0",
  "lockfileVersion": 2,
  "requires": true,
  "packages": {
    "": {
      "version": "1.0.0",
      "license": "ISC",
      "dependencies": {
        "@vant/weapp": "^1.9.2"
      }
    },
    "node_modules/@vant/weapp": {
      "version": "1.9.2",
      "resolved": "https://registry.npmjs.org/@vant/weapp/-/weapp-1.9.2.tgz",
      "integrity": "sha512-brz1JLiXZev4u6cQFyDrGX5xddOHKwKUDgfbUrpqMcpW+dliV4oXMtkDt0rRNfYcEHyfewbvW9O+aas6KJUJYw=="
    }
  },
  "dependencies": {
    "@vant/weapp": {
      "version": "1.9.2",
      "resolved": "https://registry.npmjs.org/@vant/weapp/-/weapp-1.9.2.tgz",
      "integrity": "sha512-brz1JLiXZev4u6cQFyDrGX5xddOHKwKUDgfbUrpqMcpW+dliV4oXMtkDt0rRNfYcEHyfewbvW9O+aas6KJUJYw=="
    }
  }
}
